
Microsoft Visual Studio Solution File, Format Version 12.00
# Visual Studio Version 17
VisualStudioVersion = 17.0.31903.59
MinimumVisualStudioVersion = 10.0.40219.1
Project("{9A19103F-16F7-4668-BE54-9A1E7A4F7556}") = "API", "api\API.csproj", "{6BFF66FC-DAF7-4A59-BB5D-948B6B1ADAB5}"
EndProject
Project("{E24C65DC-7377-472B-9ABA-BC803B73C61A}") = "client", "client\", "{AC28749C-BD38-440E-87FF-4F0594404339}"
	ProjectSection(WebsiteProperties) = preProject
		Debug.AspNetCompiler.VirtualPath = "/localhost_61436"
		Debug.AspNetCompiler.PhysicalPath = "client\"
		Debug.AspNetCompiler.TargetPath = "PrecompiledWeb\localhost_61436\"
		Debug.AspNetCompiler.Updateable = "true"
		Debug.AspNetCompiler.ForceOverwrite = "true"
		Debug.AspNetCompiler.FixedNames = "false"
		Debug.AspNetCompiler.Debug = "True"
		Release.AspNetCompiler.VirtualPath = "/localhost_61436"
		Release.AspNetCompiler.PhysicalPath = "client\"
		Release.AspNetCompiler.TargetPath = "PrecompiledWeb\localhost_61436\"
		Release.AspNetCompiler.Updateable = "true"
		Release.AspNetCompiler.ForceOverwrite = "true"
		Release.AspNetCompiler.FixedNames = "false"
		Release.AspNetCompiler.Debug = "False"
		VWDPort = "61436"
	EndProjectSection
EndProject
Global
	GlobalSection(SolutionConfigurationPlatforms) = preSolution
		Debug|Any CPU = Debug|Any CPU
		Release|Any CPU = Release|Any CPU
	EndGlobalSection
	GlobalSection(ProjectConfigurationPlatforms) = postSolution
		{6BFF66FC-DAF7-4A59-BB5D-948B6B1ADAB5}.Debug|Any CPU.ActiveCfg = Debug|Any CPU
		{6BFF66FC-DAF7-4A59-BB5D-948B6B1ADAB5}.Debug|Any CPU.Build.0 = Debug|Any CPU
		{6BFF66FC-DAF7-4A59-BB5D-948B6B1ADAB5}.Release|Any CPU.ActiveCfg = Release|Any CPU
		{6BFF66FC-DAF7-4A59-BB5D-948B6B1ADAB5}.Release|Any CPU.Build.0 = Release|Any CPU
		{AC28749C-BD38-440E-87FF-4F0594404339}.Debug|Any CPU.ActiveCfg = Debug|Any CPU
		{AC28749C-BD38-440E-87FF-4F0594404339}.Debug|Any CPU.Build.0 = Debug|Any CPU
		{AC28749C-BD38-440E-87FF-4F0594404339}.Release|Any CPU.ActiveCfg = Debug|Any CPU
		{AC28749C-BD38-440E-87FF-4F0594404339}.Release|Any CPU.Build.0 = Debug|Any CPU
	EndGlobalSection
	GlobalSection(SolutionProperties) = preSolution
		HideSolutionNode = FALSE
	EndGlobalSection
	GlobalSection(ExtensibilityGlobals) = postSolution
		SolutionGuid = {878F3B04-0EEE-47DC-BEE4-F17592012D8C}
	EndGlobalSection
EndGlobal
